
Microsoft Visual Studio Solution File, Format Version 12.00
# Visual Studio Version 17
VisualStudioVersion = 17.6.33723.286
MinimumVisualStudioVersion = 10.0.40219.1
Project("{9A19103F-16F7-4668-BE54-9A1E7A4F7556}") = "DAL", "DLL\DAL.csproj", "{CC3FCD64-0347-4508-89A5-8A3FD872ACB1}"
EndProject
Project("{9A19103F-16F7-4668-BE54-9A1E7A4F7556}") = "Entities", "Entities\Entities.csproj", "{36D1319B-D031-4338-A317-8516E47968F0}"
EndProject
Project("{9A19103F-16F7-4668-BE54-9A1E7A4F7556}") = "ConsoleAppTestDAL", "ConsoleAppTestDAL\ConsoleAppTestDAL.csproj", "{F383706D-CC73-4EF2-9A57-69DD765831C2}"
EndProject
Project("{9A19103F-16F7-4668-BE54-9A1E7A4F7556}") = "BLL", "BLL\BLL.csproj", "{0C6B3BC6-118D-4BF6-8CA7-9D4E15738494}"
EndProject
Project("{9A19103F-16F7-4668-BE54-9A1E7A4F7556}") = "SLC", "SLC\SLC.csproj", "{F05D3878-5C4F-44D9-B3C5-7081767E0F73}"
EndProject
Project("{9A19103F-16F7-4668-BE54-9A1E7A4F7556}") = "Service", "Service\Service.csproj", "{6040D582-A2AD-4936-98EA-814ACBACD75A}"
EndProject
Project("{9A19103F-16F7-4668-BE54-9A1E7A4F7556}") = "ProxyService", "ProxyService\ProxyService.csproj", "{DAF2F2DA-F45B-49C4-B4EA-EF8F38DDF976}"
EndProject
Project("{FAE04EC0-301F-11D3-BF4B-00C04F79EFBC}") = "WebApplicationOrders", "WebApplicationOrders\WebApplicationOrders.csproj", "{55324F4D-ADE5-47CA-ADE3-29B62C5A68B4}"
EndProject
Global
	GlobalSection(SolutionConfigurationPlatforms) = preSolution
		Debug|Any CPU = Debug|Any CPU
		Release|Any CPU = Release|Any CPU
	EndGlobalSection
	GlobalSection(ProjectConfigurationPlatforms) = postSolution
		{CC3FCD64-0347-4508-89A5-8A3FD872ACB1}.Debug|Any CPU.ActiveCfg = Debug|Any CPU
		{CC3FCD64-0347-4508-89A5-8A3FD872ACB1}.Debug|Any CPU.Build.0 = Debug|Any CPU
		{CC3FCD64-0347-4508-89A5-8A3FD872ACB1}.Release|Any CPU.ActiveCfg = Release|Any CPU
		{CC3FCD64-0347-4508-89A5-8A3FD872ACB1}.Release|Any CPU.Build.0 = Release|Any CPU
		{36D1319B-D031-4338-A317-8516E47968F0}.Debug|Any CPU.ActiveCfg = Debug|Any CPU
		{36D1319B-D031-4338-A317-8516E47968F0}.Debug|Any CPU.Build.0 = Debug|Any CPU
		{36D1319B-D031-4338-A317-8516E47968F0}.Release|Any CPU.ActiveCfg = Release|Any CPU
		{36D1319B-D031-4338-A317-8516E47968F0}.Release|Any CPU.Build.0 = Release|Any CPU
		{F383706D-CC73-4EF2-9A57-69DD765831C2}.Debug|Any CPU.ActiveCfg = Debug|Any CPU
		{F383706D-CC73-4EF2-9A57-69DD765831C2}.Debug|Any CPU.Build.0 = Debug|Any CPU
		{F383706D-CC73-4EF2-9A57-69DD765831C2}.Release|Any CPU.ActiveCfg = Release|Any CPU
		{F383706D-CC73-4EF2-9A57-69DD765831C2}.Release|Any CPU.Build.0 = Release|Any CPU
		{0C6B3BC6-118D-4BF6-8CA7-9D4E15738494}.Debug|Any CPU.ActiveCfg = Debug|Any CPU
		{0C6B3BC6-118D-4BF6-8CA7-9D4E15738494}.Debug|Any CPU.Build.0 = Debug|Any CPU
		{0C6B3BC6-118D-4BF6-8CA7-9D4E15738494}.Release|Any CPU.ActiveCfg = Release|Any CPU
		{0C6B3BC6-118D-4BF6-8CA7-9D4E15738494}.Release|Any CPU.Build.0 = Release|Any CPU
		{F05D3878-5C4F-44D9-B3C5-7081767E0F73}.Debug|Any CPU.ActiveCfg = Debug|Any CPU
		{F05D3878-5C4F-44D9-B3C5-7081767E0F73}.Debug|Any CPU.Build.0 = Debug|Any CPU
		{F05D3878-5C4F-44D9-B3C5-7081767E0F73}.Release|Any CPU.ActiveCfg = Release|Any CPU
		{F05D3878-5C4F-44D9-B3C5-7081767E0F73}.Release|Any CPU.Build.0 = Release|Any CPU
		{6040D582-A2AD-4936-98EA-814ACBACD75A}.Debug|Any CPU.ActiveCfg = Debug|Any CPU
		{6040D582-A2AD-4936-98EA-814ACBACD75A}.Debug|Any CPU.Build.0 = Debug|Any CPU
		{6040D582-A2AD-4936-98EA-814ACBACD75A}.Release|Any CPU.ActiveCfg = Release|Any CPU
		{6040D582-A2AD-4936-98EA-814ACBACD75A}.Release|Any CPU.Build.0 = Release|Any CPU
		{DAF2F2DA-F45B-49C4-B4EA-EF8F38DDF976}.Debug|Any CPU.ActiveCfg = Debug|Any CPU
		{DAF2F2DA-F45B-49C4-B4EA-EF8F38DDF976}.Debug|Any CPU.Build.0 = Debug|Any CPU
		{DAF2F2DA-F45B-49C4-B4EA-EF8F38DDF976}.Release|Any CPU.ActiveCfg = Release|Any CPU
		{DAF2F2DA-F45B-49C4-B4EA-EF8F38DDF976}.Release|Any CPU.Build.0 = Release|Any CPU
		{55324F4D-ADE5-47CA-ADE3-29B62C5A68B4}.Debug|Any CPU.ActiveCfg = Debug|Any CPU
		{55324F4D-ADE5-47CA-ADE3-29B62C5A68B4}.Debug|Any CPU.Build.0 = Debug|Any CPU
		{55324F4D-ADE5-47CA-ADE3-29B62C5A68B4}.Release|Any CPU.ActiveCfg = Release|Any CPU
		{55324F4D-ADE5-47CA-ADE3-29B62C5A68B4}.Release|Any CPU.Build.0 = Release|Any CPU
	EndGlobalSection
	GlobalSection(SolutionProperties) = preSolution
		HideSolutionNode = FALSE
	EndGlobalSection
	GlobalSection(ExtensibilityGlobals) = postSolution
		SolutionGuid = {27812826-4643-4BF8-9E2B-03DC80897CBF}
	EndGlobalSection
EndGlobal
